{
  "requires": true,
  "lockfileVersion": 1,
  "dependencies": {
    "plotly.js-dist": {
      "version": "1.42.5",
      "resolved": "https://registry.npmjs.org/plotly.js-dist/-/plotly.js-dist-1.42.5.tgz",
      "integrity": "sha512-hAB60WKCLAbwpVL4eWVoRmoo9B8PZLnRnKC0iQlq4YoU6OP6hRkt7M8cxfMMhtNowKOIDkbBFpeqlmD4LKDsvA=="
    }
  }
}
